
Microsoft Visual Studio Solution File, Format Version 12.00
# Visual Studio Version 16
VisualStudioVersion = 16.0.32228.343
MinimumVisualStudioVersion = 10.0.40219.1
Project("{FAE04EC0-301F-11D3-BF4B-00C04F79EFBC}") = "ContactManagement", "ContactManagement\ContactManagement.csproj", "{C83AFF18-1A02-4DDD-B149-8A1FAC2ECBF6}"
EndProject
Global
	GlobalSection(SolutionConfigurationPlatforms) = preSolution
		Debug|Any CPU = Debug|Any CPU
		Release|Any CPU = Release|Any CPU
	EndGlobalSection
	GlobalSection(ProjectConfigurationPlatforms) = postSolution
		{C83AFF18-1A02-4DDD-B149-8A1FAC2ECBF6}.Debug|Any CPU.ActiveCfg = Debug|Any CPU
		{C83AFF18-1A02-4DDD-B149-8A1FAC2ECBF6}.Debug|Any CPU.Build.0 = Debug|Any CPU
		{C83AFF18-1A02-4DDD-B149-8A1FAC2ECBF6}.Release|Any CPU.ActiveCfg = Release|Any CPU
		{C83AFF18-1A02-4DDD-B149-8A1FAC2ECBF6}.Release|Any CPU.Build.0 = Release|Any CPU
	EndGlobalSection
	GlobalSection(SolutionProperties) = preSolution
		HideSolutionNode = FALSE
	EndGlobalSection
	GlobalSection(ExtensibilityGlobals) = postSolution
		SolutionGuid = {9021646F-B296-4856-B6E0-8206D46C45E6}
	EndGlobalSection
EndGlobal
